// !$*UTF8*$!
{
	archiveVersion = 1;
	classes = {
	};
	objectVersion = 46;
	objects = {

/* Begin PBXBuildFile section */
		82193B1D1EAF1F720019BD75 /* SecondViewController.swift in Sources */ = {isa = PBXBuildFile; fileRef = 82193B1C1EAF1F720019BD75 /* SecondViewController.swift */; };
		82193B1F1EAF267F0019BD75 /* SampleTableViewCell.swift in Sources */ = {isa = PBXBuildFile; fileRef = 82193B1E1EAF267F0019BD75 /* SampleTableViewCell.swift */; };
		82193B221EAF29B40019BD75 /* VeritcalStepperOnTableView.swift in Sources */ = {isa = PBXBuildFile; fileRef = 82193B211EAF29B40019BD75 /* VeritcalStepperOnTableView.swift */; };
		82C0FA911EA5F30D00C35D28 /* AppDelegate.swift in Sources */ = {isa = PBXBuildFile; fileRef = 82C0FA901EA5F30D00C35D28 /* AppDelegate.swift */; };
		82C0FA931EA5F30D00C35D28 /* ViewController.swift in Sources */ = {isa = PBXBuildFile; fileRef = 82C0FA921EA5F30D00C35D28 /* ViewController.swift */; };
		82C0FA961EA5F30D00C35D28 /* Main.storyboard in Resources */ = {isa = PBXBuildFile; fileRef = 82C0FA941EA5F30D00C35D28 /* Main.storyboard */; };
		82C0FA981EA5F30D00C35D28 /* Assets.xcassets in Resources */ = {isa = PBXBuildFile; fileRef = 82C0FA971EA5F30D00C35D28 /* Assets.xcassets */; };
		82C0FA9B1EA5F30D00C35D28 /* LaunchScreen.storyboard in Resources */ = {isa = PBXBuildFile; fileRef = 82C0FA991EA5F30D00C35D28 /* LaunchScreen.storyboard */; };
		82C0FAA31EA5FA5600C35D28 /* CustomStepper.swift in Sources */ = {isa = PBXBuildFile; fileRef = 82C0FAA21EA5FA5600C35D28 /* CustomStepper.swift */; };
/* End PBXBuildFile section */

/* Begin PBXFileReference section */
		82193B1C1EAF1F720019BD75 /* SecondViewController.swift */ = {isa = PBXFileReference; fileEncoding = 4; lastKnownFileType = sourcecode.swift; path = SecondViewController.swift; sourceTree = "<group>"; };
		82193B1E1EAF267F0019BD75 /* SampleTableViewCell.swift */ = {isa = PBXFileReference; fileEncoding = 4; lastKnownFileType = sourcecode.swift; path = SampleTableViewCell.swift; sourceTree = "<group>"; };
		82193B211EAF29B40019BD75 /* VeritcalStepperOnTableView.swift */ = {isa = PBXFileReference; fileEncoding = 4; lastKnownFileType = sourcecode.swift; path = VeritcalStepperOnTableView.swift; sourceTree = "<group>"; };
		82C0FA8D1EA5F30D00C35D28 /* VerticalStepper.app */ = {isa = PBXFileReference; explicitFileType = wrapper.application; includeInIndex = 0; path = VerticalStepper.app; sourceTree = BUILT_PRODUCTS_DIR; };
		82C0FA901EA5F30D00C35D28 /* AppDelegate.swift */ = {isa = PBXFileReference; lastKnownFileType = sourcecode.swift; path = AppDelegate.swift; sourceTree = "<group>"; };
		82C0FA921EA5F30D00C35D28 /* ViewController.swift */ = {isa = PBXFileReference; lastKnownFileType = sourcecode.swift; path = ViewController.swift; sourceTree = "<group>"; };
		82C0FA951EA5F30D00C35D28 /* Base */ = {isa = PBXFileReference; lastKnownFileType = file.storyboard; name = Base; path = Base.lproj/Main.storyboard; sourceTree = "<group>"; };
		82C0FA971EA5F30D00C35D28 /* Assets.xcassets */ = {isa = PBXFileReference; lastKnownFileType = folder.assetcatalog; path = Assets.xcassets; sourceTree = "<group>"; };
		82C0FA9A1EA5F30D00C35D28 /* Base */ = {isa = PBXFileReference; lastKnownFileType = file.storyboard; name = Base; path = Base.lproj/LaunchScreen.storyboard; sourceTree = "<group>"; };
		82C0FA9C1EA5F30D00C35D28 /* Info.plist */ = {isa = PBXFileReference; lastKnownFileType = text.plist.xml; path = Info.plist; sourceTree = "<group>"; };
		82C0FAA21EA5FA5600C35D28 /* CustomStepper.swift */ = {isa = PBXFileReference; fileEncoding = 4; lastKnownFileType = sourcecode.swift; path = CustomStepper.swift; sourceTree = "<group>"; };
/* End PBXFileReference section */

/* Begin PBXFrameworksBuildPhase section */
		82C0FA8A1EA5F30D00C35D28 /* Frameworks */ = {
			isa = PBXFrameworksBuildPhase;
			buildActionMask = 2147483647;
			files = (
			);
			runOnlyForDeploymentPostprocessing = 0;
		};
/* End PBXFrameworksBuildPhase section */

/* Begin PBXGroup section */
		82193B201EAF29830019BD75 /* UsingTable */ = {
			isa = PBXGroup;
			children = (
				82193B1C1EAF1F720019BD75 /* SecondViewController.swift */,
				82193B1E1EAF267F0019BD75 /* SampleTableViewCell.swift */,
				82193B211EAF29B40019BD75 /* VeritcalStepperOnTableView.swift */,
			);
			name = UsingTable;
			sourceTree = "<group>";
		};
		82C0FA841EA5F30D00C35D28 = {
			isa = PBXGroup;
			children = (
				82C0FA8F1EA5F30D00C35D28 /* VerticalStepper */,
				82C0FA8E1EA5F30D00C35D28 /* Products */,
			);
			sourceTree = "<group>";
		};
		82C0FA8E1EA5F30D00C35D28 /* Products */ = {
			isa = PBXGroup;
			children = (
				82C0FA8D1EA5F30D00C35D28 /* VerticalStepper.app */,
			);
			name = Products;
			sourceTree = "<group>";
		};
		82C0FA8F1EA5F30D00C35D28 /* VerticalStepper */ = {
			isa = PBXGroup;
			children = (
				82C0FA901EA5F30D00C35D28 /* AppDelegate.swift */,
				82C0FA921EA5F30D00C35D28 /* ViewController.swift */,
				82C0FA941EA5F30D00C35D28 /* Main.storyboard */,
				82C0FA971EA5F30D00C35D28 /* Assets.xcassets */,
				82C0FA991EA5F30D00C35D28 /* LaunchScreen.storyboard */,
				82C0FA9C1EA5F30D00C35D28 /* Info.plist */,
				82C0FAA21EA5FA5600C35D28 /* CustomStepper.swift */,
				82193B201EAF29830019BD75 /* UsingTable */,
			);
			path = VerticalStepper;
			sourceTree = "<group>";
		};
/* End PBXGroup section */

/* Begin PBXNativeTarget section */
		82C0FA8C1EA5F30D00C35D28 /* VerticalStepper */ = {
			isa = PBXNativeTarget;
			buildConfigurationList = 82C0FA9F1EA5F30D00C35D28 /* Build configuration list for PBXNativeTarget "VerticalStepper" */;
			buildPhases = (
				82C0FA891EA5F30D00C35D28 /* Sources */,
				82C0FA8A1EA5F30D00C35D28 /* Frameworks */,
				82C0FA8B1EA5F30D00C35D28 /* Resources */,
			);
			buildRules = (
			);
			dependencies = (
			);
			name = VerticalStepper;
			productName = VerticalStepper;
			productReference = 82C0FA8D1EA5F30D00C35D28 /* VerticalStepper.app */;
			productType = "com.apple.product-type.application";
		};
/* End PBXNativeTarget section */

/* Begin PBXProject section */
		82C0FA851EA5F30D00C35D28 /* Project object */ = {
			isa = PBXProject;
			attributes = {
				LastSwiftUpdateCheck = 0820;
				LastUpgradeCheck = 0820;
				ORGANIZATIONNAME = "Pushpam Group";
				TargetAttributes = {
					82C0FA8C1EA5F30D00C35D28 = {
						CreatedOnToolsVersion = 8.2;
						ProvisioningStyle = Automatic;
					};
				};
			};
			buildConfigurationList = 82C0FA881EA5F30D00C35D28 /* Build configuration list for PBXProject "VerticalStepper" */;
			compatibilityVersion = "Xcode 3.2";
			developmentRegion = English;
			hasScannedForEncodings = 0;
			knownRegions = (
				en,
				Base,
			);
			mainGroup = 82C0FA841EA5F30D00C35D28;
			productRefGroup = 82C0FA8E1EA5F30D00C35D28 /* Products */;
			projectDirPath = "";
			projectRoot = "";
			targets = (
				82C0FA8C1EA5F30D00C35D28 /* VerticalStepper */,
			);
		};
/* End PBXProject section */

/* Begin PBXResourcesBuildPhase section */
		82C0FA8B1EA5F30D00C35D28 /* Resources */ = {
			isa = PBXResourcesBuildPhase;
			buildActionMask = 2147483647;
			files = (
				82C0FA9B1EA5F30D00C35D28 /* LaunchScreen.storyboard in Resources */,
				82C0FA981EA5F30D00C35D28 /* Assets.xcassets in Resources */,
				82C0FA961EA5F30D00C35D28 /* Main.storyboard in Resources */,
			);
			runOnlyForDeploymentPostprocessing = 0;
		};
/* End PBXResourcesBuildPhase section */

/* Begin PBXSourcesBuildPhase section */
		82C0FA891EA5F30D00C35D28 /* Sources */ = {
			isa = PBXSourcesBuildPhase;
			buildActionMask = 2147483647;
			files = (
				82193B1D1EAF1F720019BD75 /* SecondViewController.swift in Sources */,
				82C0FA931EA5F30D00C35D28 /* ViewController.swift in Sources */,
				82193B1F1EAF267F0019BD75 /* SampleTableViewCell.swift in Sources */,
				82C0FA911EA5F30D00C35D28 /* AppDelegate.swift in Sources */,
				82193B221EAF29B40019BD75 /* VeritcalStepperOnTableView.swift in Sources */,
				82C0FAA31EA5FA5600C35D28 /* CustomStepper.swift in Sources */,
			);
			runOnlyForDeploymentPostprocessing = 0;
		};
/* End PBXSourcesBuildPhase section */

/* Begin PBXVariantGroup section */
		82C0FA941EA5F30D00C35D28 /* Main.storyboard */ = {
			isa = PBXVariantGroup;
			children = (
				82C0FA951EA5F30D00C35D28 /* Base */,
			);
			name = Main.storyboard;
			sourceTree = "<group>";
		};
		82C0FA991EA5F30D00C35D28 /* LaunchScreen.storyboard */ = {
			isa = PBXVariantGroup;
			children = (
				82C0FA9A1EA5F30D00C35D28 /* Base */,
			);
			name = LaunchScreen.storyboard;
			sourceTree = "<group>";
		};
/* End PBXVariantGroup section */

/* Begin XCBuildConfiguration section */
		82C0FA9D1EA5F30D00C35D28 /* Debug */ = {
			isa = XCBuildConfiguration;
			buildSettings = {
				ALWAYS_SEARCH_USER_PATHS = NO;
				CLANG_ANALYZER_NONNULL = YES;
				CLANG_CXX_LANGUAGE_STANDARD = "gnu++0x";
				CLANG_CXX_LIBRARY = "libc++";
				CLANG_ENABLE_MODULES = YES;
				CLANG_ENABLE_OBJC_ARC = YES;
				CLANG_WARN_BOOL_CONVERSION = YES;
				CLANG_WARN_CONSTANT_CONVERSION = YES;
				CLANG_WARN_DIRECT_OBJC_ISA_USAGE = YES_ERROR;
				CLANG_WARN_DOCUMENTATION_COMMENTS = YES;
				CLANG_WARN_EMPTY_BODY = YES;
				CLANG_WARN_ENUM_CONVERSION = YES;
				CLANG_WARN_INFINITE_RECURSION = YES;
				CLANG_WARN_INT_CONVERSION = YES;
				CLANG_WARN_OBJC_ROOT_CLASS = YES_ERROR;
				CLANG_WARN_SUSPICIOUS_MOVE = YES;
				CLANG_WARN_UNREACHABLE_CODE = YES;
				CLANG_WARN__DUPLICATE_METHOD_MATCH = YES;
				"CODE_SIGN_IDENTITY[sdk=iphoneos*]" = "iPhone Developer";
				COPY_PHASE_STRIP = NO;
				DEBUG_INFORMATION_FORMAT = dwarf;
				ENABLE_STRICT_OBJC_MSGSEND = YES;
				ENABLE_TESTABILITY = YES;
				GCC_C_LANGUAGE_STANDARD = gnu99;
				GCC_DYNAMIC_NO_PIC = NO;
				GCC_NO_COMMON_BLOCKS = YES;
				GCC_OPTIMIZATION_LEVEL = 0;
				GCC_PREPROCESSOR_DEFINITIONS = (
					"DEBUG=1",
					"$(inherited)",
				);
				GCC_WARN_64_TO_32_BIT_CONVERSION = YES;
				GCC_WARN_ABOUT_RETURN_TYPE = YES_ERROR;
				GCC_WARN_UNDECLARED_SELECTOR = YES;
				GCC_WARN_UNINITIALIZED_AUTOS = YES_AGGRESSIVE;
				GCC_WARN_UNUSED_FUNCTION = YES;
				GCC_WARN_UNUSED_VARIABLE = YES;
				IPHONEOS_DEPLOYMENT_TARGET = 10.2;
				MTL_ENABLE_DEBUG_INFO = YES;
				ONLY_ACTIVE_ARCH = YES;
				SDKROOT = iphoneos;
				SWIFT_ACTIVE_COMPILATION_CONDITIONS = DEBUG;
				SWIFT_OPTIMIZATION_LEVEL = "-Onone";
			};
			name = Debug;
		};
		82C0FA9E1EA5F30D00C35D28 /* Release */ = {
			isa = XCBuildConfiguration;
			buildSettings = {
				ALWAYS_SEARCH_USER_PATHS = NO;
				CLANG_ANALYZER_NONNULL = YES;
				CLANG_CXX_LANGUAGE_STANDARD = "gnu++0x";
				CLANG_CXX_LIBRARY = "libc++";
				CLANG_ENABLE_MODULES = YES;
				CLANG_ENABLE_OBJC_ARC = YES;
				CLANG_WARN_BOOL_CONVERSION = YES;
				CLANG_WARN_CONSTANT_CONVERSION = YES;
				CLANG_WARN_DIRECT_OBJC_ISA_USAGE = YES_ERROR;
				CLANG_WARN_DOCUMENTATION_COMMENTS = YES;
				CLANG_WARN_EMPTY_BODY = YES;
				CLANG_WARN_ENUM_CONVERSION = YES;
				CLANG_WARN_INFINITE_RECURSION = YES;
				CLANG_WARN_INT_CONVERSION = YES;
				CLANG_WARN_OBJC_ROOT_CLASS = YES_ERROR;
				CLANG_WARN_SUSPICIOUS_MOVE = YES;
				CLANG_WARN_UNREACHABLE_CODE = YES;
				CLANG_WARN__DUPLICATE_METHOD_MATCH = YES;
				"CODE_SIGN_IDENTITY[sdk=iphoneos*]" = "iPhone Developer";
				COPY_PHASE_STRIP = NO;
				DEBUG_INFORMATION_FORMAT = "dwarf-with-dsym";
				ENABLE_NS_ASSERTIONS = NO;
				ENABLE_STRICT_OBJC_MSGSEND = YES;
				GCC_C_LANGUAGE_STANDARD = gnu99;
				GCC_NO_COMMON_BLOCKS = YES;
				GCC_WARN_64_TO_32_BIT_CONVERSION = YES;
				GCC_WARN_ABOUT_RETURN_TYPE = YES_ERROR;
				GCC_WARN_UNDECLARED_SELECTOR = YES;
				GCC_WARN_UNINITIALIZED_AUTOS = YES_AGGRESSIVE;
				GCC_WARN_UNUSED_FUNCTION = YES;
				GCC_WARN_UNUSED_VARIABLE = YES;
				IPHONEOS_DEPLOYMENT_TARGET = 10.2;
				MTL_ENABLE_DEBUG_INFO = NO;
				SDKROOT = iphoneos;
				SWIFT_OPTIMIZATION_LEVEL = "-Owholemodule";
				VALIDATE_PRODUCT = YES;
			};
			name = Release;
		};
		82C0FAA01EA5F30D00C35D28 /* Debug */ = {
			isa = XCBuildConfiguration;
			buildSettings = {
				ASSETCATALOG_COMPILER_APPICON_NAME = AppIcon;
				CLANG_X86_VECTOR_INSTRUCTIONS = default;
				INFOPLIST_FILE = VerticalStepper/Info.plist;
				LD_RUNPATH_SEARCH_PATHS = "$(inherited) @executable_path/Frameworks";
				PRODUCT_BUNDLE_IDENTIFIER = com.swift.Test.VerticalStepper;
				PRODUCT_NAME = "$(TARGET_NAME)";
				SWIFT_VERSION = 3.0;
			};
			name = Debug;
		};
		82C0FAA11EA5F30D00C35D28 /* Release */ = {
			isa = XCBuildConfiguration;
			buildSettings = {
				ASSETCATALOG_COMPILER_APPICON_NAME = AppIcon;
				CLANG_X86_VECTOR_INSTRUCTIONS = default;
				INFOPLIST_FILE = VerticalStepper/Info.plist;
				LD_RUNPATH_SEARCH_PATHS = "$(inherited) @executable_path/Frameworks";
				PRODUCT_BUNDLE_IDENTIFIER = com.swift.Test.VerticalStepper;
				PRODUCT_NAME = "$(TARGET_NAME)";
				SWIFT_VERSION = 3.0;
			};
			name = Release;
		};
/* End XCBuildConfiguration section */

/* Begin XCConfigurationList section */
		82C0FA881EA5F30D00C35D28 /* Build configuration list for PBXProject "VerticalStepper" */ = {
			isa = XCConfigurationList;
			buildConfigurations = (
				82C0FA9D1EA5F30D00C35D28 /* Debug */,
				82C0FA9E1EA5F30D00C35D28 /* Release */,
			);
			defaultConfigurationIsVisible = 0;
			defaultConfigurationName = Release;
		};
		82C0FA9F1EA5F30D00C35D28 /* Build configuration list for PBXNativeTarget "VerticalStepper" */ = {
			isa = XCConfigurationList;
			buildConfigurations = (
				82C0FAA01EA5F30D00C35D28 /* Debug */,
				82C0FAA11EA5F30D00C35D28 /* Release */,
			);
			defaultConfigurationIsVisible = 0;
			defaultConfigurationName = Release;
		};
/* End XCConfigurationList section */
	};
	rootObject = 82C0FA851EA5F30D00C35D28 /* Project object */;
}
